
Microsoft Visual Studio Solution File, Format Version 12.00
# Visual Studio Version 17
VisualStudioVersion = 17.0.32112.339
MinimumVisualStudioVersion = 10.0.40219.1
Project("{FAE04EC0-301F-11D3-BF4B-00C04F79EFBC}") = "min max array", "min max array\min max array.csproj", "{5F387BB5-3C1B-4414-8B49-5C6D758FA60B}"
EndProject
Global
	GlobalSection(SolutionConfigurationPlatforms) = preSolution
		Debug|Any CPU = Debug|Any CPU
		Release|Any CPU = Release|Any CPU
	EndGlobalSection
	GlobalSection(ProjectConfigurationPlatforms) = postSolution
		{5F387BB5-3C1B-4414-8B49-5C6D758FA60B}.Debug|Any CPU.ActiveCfg = Debug|Any CPU
		{5F387BB5-3C1B-4414-8B49-5C6D758FA60B}.Debug|Any CPU.Build.0 = Debug|Any CPU
		{5F387BB5-3C1B-4414-8B49-5C6D758FA60B}.Release|Any CPU.ActiveCfg = Release|Any CPU
		{5F387BB5-3C1B-4414-8B49-5C6D758FA60B}.Release|Any CPU.Build.0 = Release|Any CPU
	EndGlobalSection
	GlobalSection(SolutionProperties) = preSolution
		HideSolutionNode = FALSE
	EndGlobalSection
	GlobalSection(ExtensibilityGlobals) = postSolution
		SolutionGuid = {7E2479F8-A3AA-4AC6-8022-336BE1ED217B}
	EndGlobalSection
EndGlobal
